lockfileVersion: '9.0'

settings:
  autoInstallPeers: true
  excludeLinksFromLockfile: false

importers:

  .:
    devDependencies:
      bun:
        specifier: runtime:1.3.4
        version: runtime:1.3.4

packages:

  bun@runtime:1.3.4:
    resolution:
      type: variations
      variants:
        - resolution:
            archive: zip
            bin: bun
            integrity: sha256-iAN3TkxsVcilF0ZMUI8Cgh5ttX+Uyhu1zCo59NIyalE=
            prefix: bun-darwin-aarch64
            type: binary
            url: https://github.com/oven-sh/bun/releases/download/bun-v1.3.4/bun-darwin-aarch64.zip
          targets:
            - cpu: arm64
              os: darwin
        - resolution:
            archive: zip
            bin: bun
            integrity: sha256-M5D55qgqnHGOGHUTscVkBdDentP2sJIiKxW01LpuME0=
            prefix: bun-darwin-x64
            type: binary
            url: https://github.com/oven-sh/bun/releases/download/bun-v1.3.4/bun-darwin-x64.zip
          targets:
            - cpu: x64
              os: darwin
        - resolution:
            archive: zip
            bin: bun
            integrity: sha256-w9rCmRKxRHiaKk7iEI5ZXmUn8PbBsPboA7sxncdC4d4=
            prefix: bun-linux-aarch64-musl
            type: binary
            url: https://github.com/oven-sh/bun/releases/download/bun-v1.3.4/bun-linux-aarch64-musl.zip
          targets:
            - cpu: arm64
              os: linux
              libc: musl
        - resolution:
            archive: zip
            bin: bun
            integrity: sha256-xG6EH+2FNHUhkVsbOQTW0XXY4v2RXhjgHBETGCGRFaQ=
            prefix: bun-linux-aarch64
            type: binary
            url: https://github.com/oven-sh/bun/releases/download/bun-v1.3.4/bun-linux-aarch64.zip
          targets:
            - cpu: arm64
              os: linux
        - resolution:
            archive: zip
            bin: bun
            integrity: sha256-nx4N0siLZfkCofsQE3NwSmcGO7fvoUucdT8vvSdhAKM=
            prefix: bun-linux-x64-musl
            type: binary
            url: https://github.com/oven-sh/bun/releases/download/bun-v1.3.4/bun-linux-x64-musl.zip
          targets:
            - cpu: x64
              os: linux
              libc: musl
        - resolution:
            archive: zip
            bin: bun
            integrity: sha256-M8aZYEno036LgVlZsUsF5bb0lhITUr8RuufQRxk8KL8=
            prefix: bun-linux-x64
            type: binary
            url: https://github.com/oven-sh/bun/releases/download/bun-v1.3.4/bun-linux-x64.zip
          targets:
            - cpu: x64
              os: linux
        - resolution:
            archive: zip
            bin: bun.exe
            integrity: sha256-KpwKnmrXfQwx/Y+x9Za2Gvp/Ly9YC6rVl/F+eg262WA=
            prefix: bun-windows-x64
            type: binary
            url: https://github.com/oven-sh/bun/releases/download/bun-v1.3.4/bun-windows-x64.zip
          targets:
            - cpu: x64
              os: win32
    version: 1.3.4
    hasBin: true

snapshots:

  bun@runtime:1.3.4: {}
