lockfileVersion: '9.0'

settings:
  autoInstallPeers: true
  excludeLinksFromLockfile: false

importers:
  .:
    devDependencies:
      '@types/bun':
        specifier: ^1.3.4
        version: 1.3.4
      bun:
        specifier: runtime:1.3.4
        version: runtime:1.3.4
      lefthook:
        specifier: ^2.0.9
        version: 2.0.9
      oxfmt:
        specifier: ^0.17.0
        version: 0.17.0
      oxlint:
        specifier: ^1.32.0
        version: 1.32.0(oxlint-tsgolint@0.8.5)
      oxlint-tsgolint:
        specifier: ^0.8.5
        version: 0.8.5
      typescript:
        specifier: ^5.9.3
        version: 5.9.3

  apps/backend:
    dependencies:
      api-contract:
        specifier: workspace:*
        version: link:../../libs/api-contract
      h3:
        specifier: 2.0.1-rc.6
        version: 2.0.1-rc.6
      zod:
        specifier: ^4.1.13
        version: 4.1.13

  libs/api-contract:
    dependencies:
      zod:
        specifier: ^4.1.13
        version: 4.1.13
      zod-openapi:
        specifier: ^5.4.5
        version: 5.4.5(zod@4.1.13)

packages:
  '@oxfmt/darwin-arm64@0.17.0':
    resolution:
      {
        integrity: sha512-OMv0tOb+xiwSZKjYbM6TwMSP5QwFJlBGQmEsk98QJ30sHhdyC//0UvGKuR0KZuzZW4E0+k0rHDmos1Z5DmBEkA==,
      }
    cpu: [arm64]
    os: [darwin]

  '@oxfmt/darwin-x64@0.17.0':
    resolution:
      {
        integrity: sha512-trzidyzryKIdL/cLCYU9IwprgJegVBUrz1rqzOMe5is+qdgH/RxTCvhYUNFzxRHpil3g4QUYd2Ja831tc5Nehg==,
      }
    cpu: [x64]
    os: [darwin]

  '@oxfmt/linux-arm64-gnu@0.17.0':
    resolution:
      {
        integrity: sha512-KlwzidgvHznbUaaglZT1goTS30osTV553pfbKve9B1PyTDkluNDfm/polOaf3SVLN7wL/NNLFZRMupvJ1eJXAw==,
      }
    cpu: [arm64]
    os: [linux]

  '@oxfmt/linux-arm64-musl@0.17.0':
    resolution:
      {
        integrity: sha512-+tbYJTocF4BNLaQQbc/xrBWTNgiU6zmYeF4NvRDxuuQjDOnmUZPn0EED3PZBRJyg4/YllhplHDo8x+gfcb9G3A==,
      }
    cpu: [arm64]
    os: [linux]

  '@oxfmt/linux-x64-gnu@0.17.0':
    resolution:
      {
        integrity: sha512-pEmv7zJIw2HpnA4Tn1xrfJNGi2wOH2+usT14Pkvf/c5DdB+pOir6k/5jzfe70+V3nEtmtV9Lm+spndN/y6+X7A==,
      }
    cpu: [x64]
    os: [linux]

  '@oxfmt/linux-x64-musl@0.17.0':
    resolution:
      {
        integrity: sha512-+DrFSCZWyFdtEAWR5xIBTV8GX0RA9iB+y7ZlJPRAXrNG8TdBY9vc7/MIGolIgrkMPK4mGMn07YG/qEyPY+iKaw==,
      }
    cpu: [x64]
    os: [linux]

  '@oxfmt/win32-arm64@0.17.0':
    resolution:
      {
        integrity: sha512-FoUZRR7mVpTYIaY/qz2BYwzqMnL+HsUxmMWAIy6nl29UEkDgxNygULJ4rIGY4/Axne41fhtldLrSGBOpwNm3jA==,
      }
    cpu: [arm64]
    os: [win32]

  '@oxfmt/win32-x64@0.17.0':
    resolution:
      {
        integrity: sha512-fBIcUpHmCwf3leWlo0cYwLb9Pd2mzxQlZYJX9dD9nylPvsxOnsy9fmsaflpj34O0JbQJN3Y0SRkoaCcHHlxFww==,
      }
    cpu: [x64]
    os: [win32]

  '@oxlint-tsgolint/darwin-arm64@0.8.5':
    resolution:
      {
        integrity: sha512-6Fmcrk33+PbA8fEeuz8AGD7G3KoGWTJfvCflQD8zgY8AYK8OIs7bh4WUfZiRLVJdZ0PLY6y85J2IbfXy5dTrjQ==,
      }
    cpu: [arm64]
    os: [darwin]

  '@oxlint-tsgolint/darwin-x64@0.8.5':
    resolution:
      {
        integrity: sha512-vaB8oNS1gkJYpGq09UfpF62kPew3Ia7WHYQeD9IIOnUHWW1LNyZdNHuB6h99Kn9irMLj/uhbl7HtDzP+Lk4BNg==,
      }
    cpu: [x64]
    os: [darwin]

  '@oxlint-tsgolint/linux-arm64@0.8.5':
    resolution:
      {
        integrity: sha512-avfdBAcvqGacG78I919wMl4Cv3wT/to0u7CwyvFC/8vvIpPq983xmiPjMqFt1m/6ADtvRQfmSMK18C9l8uew7A==,
      }
    cpu: [arm64]
    os: [linux]

  '@oxlint-tsgolint/linux-x64@0.8.5':
    resolution:
      {
        integrity: sha512-CvUc+0iCLBUKRiIzFIMhPJQpGI1JA29hiFWlLU/qBtf3V/IanxSbcgOm8zaO2/agg0yfS/oHrL/u8SR9xdcIvA==,
      }
    cpu: [x64]
    os: [linux]

  '@oxlint-tsgolint/win32-arm64@0.8.5':
    resolution:
      {
        integrity: sha512-2opjh8Vev+Z1dsi0lTYeGeI+Pbm6JgLT2U7l3+t8Ww3d/lhXgxUP9l+nX3ioCQd8auUy198MoWYice3OhjCX1w==,
      }
    cpu: [arm64]
    os: [win32]

  '@oxlint-tsgolint/win32-x64@0.8.5':
    resolution:
      {
        integrity: sha512-HGsTFdQDbXJ6VP9smhQyv3Pi/Vybabad57vT/SH12xYBYaIt1A0YO9ioQN36iYOb+971G9lo+YZjifa3vwDilA==,
      }
    cpu: [x64]
    os: [win32]

  '@oxlint/darwin-arm64@1.32.0':
    resolution:
      {
        integrity: sha512-yrqPmZYu5Qb+49h0P5EXVIq8VxYkDDM6ZQrWzlh16+UGFcD8HOXs4oF3g9RyfaoAbShLCXooSQsM/Ifwx8E/eQ==,
      }
    cpu: [arm64]
    os: [darwin]

  '@oxlint/darwin-x64@1.32.0':
    resolution:
      {
        integrity: sha512-pQRZrJG/2nAKc3IuocFbaFFbTDlQsjz2WfivRsMn0hw65EEsSuM84WMFMiAfLpTGyTICeUtHZLHlrM5lzVr36A==,
      }
    cpu: [x64]
    os: [darwin]

  '@oxlint/linux-arm64-gnu@1.32.0':
    resolution:
      {
        integrity: sha512-tyomSmU2DzwcTmbaWFmStHgVfRmJDDvqcIvcw4fRB1YlL2Qg/XaM4NJ0m2bdTap38gxD5FSxSgCo0DkQ8GTolg==,
      }
    cpu: [arm64]
    os: [linux]

  '@oxlint/linux-arm64-musl@1.32.0':
    resolution:
      {
        integrity: sha512-0W46dRMaf71OGE4+Rd+GHfS1uF/UODl5Mef6871pMhN7opPGfTI2fKJxh9VzRhXeSYXW/Z1EuCq9yCfmIJq+5Q==,
      }
    cpu: [arm64]
    os: [linux]

  '@oxlint/linux-x64-gnu@1.32.0':
    resolution:
      {
        integrity: sha512-5+6myVCBOMvM62rDB9T3CARXUvIwhGqte6E+HoKRwYaqsxGUZ4bh3pItSgSFwHjLGPrvADS11qJUkk39eQQBzQ==,
      }
    cpu: [x64]
    os: [linux]

  '@oxlint/linux-x64-musl@1.32.0':
    resolution:
      {
        integrity: sha512-qwQlwYYgVIC6ScjpUwiKKNyVdUlJckrfwPVpIjC9mvglIQeIjKuuyaDxUZWIOc/rEzeCV/tW6tcbehLkfEzqsw==,
      }
    cpu: [x64]
    os: [linux]

  '@oxlint/win32-arm64@1.32.0':
    resolution:
      {
        integrity: sha512-7qYZF9CiXGtdv8Z/fBkgB5idD2Zokht67I5DKWH0fZS/2R232sDqW2JpWVkXltk0+9yFvmvJ0ouJgQRl9M3S2g==,
      }
    cpu: [arm64]
    os: [win32]

  '@oxlint/win32-x64@1.32.0':
    resolution:
      {
        integrity: sha512-XW1xqCj34MEGJlHteqasTZ/LmBrwYIgluhNW0aP+XWkn90+stKAq3W/40dvJKbMK9F7o09LPCuMVtUW7FIUuiA==,
      }
    cpu: [x64]
    os: [win32]

  '@types/bun@1.3.4':
    resolution:
      {
        integrity: sha512-EEPTKXHP+zKGPkhRLv+HI0UEX8/o+65hqARxLy8Ov5rIxMBPNTjeZww00CIihrIQGEQBYg+0roO5qOnS/7boGA==,
      }

  '@types/node@25.0.0':
    resolution:
      {
        integrity: sha512-rl78HwuZlaDIUSeUKkmogkhebA+8K1Hy7tddZuJ3D0xV8pZSfsYGTsliGUol1JPzu9EKnTxPC4L1fiWouStRew==,
      }

  bun-types@1.3.4:
    resolution:
      {
        integrity: sha512-5ua817+BZPZOlNaRgGBpZJOSAQ9RQ17pkwPD0yR7CfJg+r8DgIILByFifDTa+IPDDxzf5VNhtNlcKqFzDgJvlQ==,
      }

  bun@runtime:1.3.4:
    resolution:
      type: variations
      variants:
        - resolution:
            archive: zip
            bin: bun
            integrity: sha256-iAN3TkxsVcilF0ZMUI8Cgh5ttX+Uyhu1zCo59NIyalE=
            prefix: bun-darwin-aarch64
            type: binary
            url: https://github.com/oven-sh/bun/releases/download/bun-v1.3.4/bun-darwin-aarch64.zip
          targets:
            - cpu: arm64
              os: darwin
        - resolution:
            archive: zip
            bin: bun
            integrity: sha256-M5D55qgqnHGOGHUTscVkBdDentP2sJIiKxW01LpuME0=
            prefix: bun-darwin-x64
            type: binary
            url: https://github.com/oven-sh/bun/releases/download/bun-v1.3.4/bun-darwin-x64.zip
          targets:
            - cpu: x64
              os: darwin
        - resolution:
            archive: zip
            bin: bun
            integrity: sha256-w9rCmRKxRHiaKk7iEI5ZXmUn8PbBsPboA7sxncdC4d4=
            prefix: bun-linux-aarch64-musl
            type: binary
            url: https://github.com/oven-sh/bun/releases/download/bun-v1.3.4/bun-linux-aarch64-musl.zip
          targets:
            - cpu: arm64
              os: linux
              libc: musl
        - resolution:
            archive: zip
            bin: bun
            integrity: sha256-xG6EH+2FNHUhkVsbOQTW0XXY4v2RXhjgHBETGCGRFaQ=
            prefix: bun-linux-aarch64
            type: binary
            url: https://github.com/oven-sh/bun/releases/download/bun-v1.3.4/bun-linux-aarch64.zip
          targets:
            - cpu: arm64
              os: linux
        - resolution:
            archive: zip
            bin: bun
            integrity: sha256-nx4N0siLZfkCofsQE3NwSmcGO7fvoUucdT8vvSdhAKM=
            prefix: bun-linux-x64-musl
            type: binary
            url: https://github.com/oven-sh/bun/releases/download/bun-v1.3.4/bun-linux-x64-musl.zip
          targets:
            - cpu: x64
              os: linux
              libc: musl
        - resolution:
            archive: zip
            bin: bun
            integrity: sha256-M8aZYEno036LgVlZsUsF5bb0lhITUr8RuufQRxk8KL8=
            prefix: bun-linux-x64
            type: binary
            url: https://github.com/oven-sh/bun/releases/download/bun-v1.3.4/bun-linux-x64.zip
          targets:
            - cpu: x64
              os: linux
        - resolution:
            archive: zip
            bin: bun.exe
            integrity: sha256-KpwKnmrXfQwx/Y+x9Za2Gvp/Ly9YC6rVl/F+eg262WA=
            prefix: bun-windows-x64
            type: binary
            url: https://github.com/oven-sh/bun/releases/download/bun-v1.3.4/bun-windows-x64.zip
          targets:
            - cpu: x64
              os: win32
    version: 1.3.4
    hasBin: true

  h3@2.0.1-rc.6:
    resolution:
      {
        integrity: sha512-kKLFVFNJlDVTbQjakz1ZTFSHB9+oi9+Khf0v7xQsUKU3iOqu2qmrFzTD56YsDvvj2nBgqVDphGRXB2VRursw4w==,
      }
    engines: { node: '>=20.11.1' }
    peerDependencies:
      crossws: ^0.4.1
    peerDependenciesMeta:
      crossws:
        optional: true

  lefthook-darwin-arm64@2.0.9:
    resolution:
      {
        integrity: sha512-DRDqDiDWvQ8CAW7c5o90yApxBu5Pe958Ya2OmgTNLKOEw2tSIlz3YPc0AqWlXxp2KkB6RLv0ottLyJFFRmQBtQ==,
      }
    cpu: [arm64]
    os: [darwin]

  lefthook-darwin-x64@2.0.9:
    resolution:
      {
        integrity: sha512-Onx2QNWjeVbkDRIbfajcj0U73W51xbhalqRj7yT0JMIIzmyVafnEN2KRrd4i0/UnrquyY2mfrQlVjDM1DoMvCg==,
      }
    cpu: [x64]
    os: [darwin]

  lefthook-freebsd-arm64@2.0.9:
    resolution:
      {
        integrity: sha512-0Ew0kabZkl9uid7sz9DxeFjQSI0oBWwMA8eyeQf4z0FWQ1iMay+TSgV8WOSN0OAiS6QECmrl7J+5/S8z4t2XYQ==,
      }
    cpu: [arm64]
    os: [freebsd]

  lefthook-freebsd-x64@2.0.9:
    resolution:
      {
        integrity: sha512-bCqj0+bKzMenYkpJty7ZDGR8+RT/PxoYkt5QqIhxCj1b+DjFyOiMAbMiWr7vRm8tLiYK6ieVr5xsvjYPCXAsdA==,
      }
    cpu: [x64]
    os: [freebsd]

  lefthook-linux-arm64@2.0.9:
    resolution:
      {
        integrity: sha512-jSE+ZIxz++5JkU9vTY0ZCz7VijUvPw9rUXu/ufGq7HYHaxkQlgqGY9p9H9y10Oh1EahWiC3jGlForx5JhHDrCg==,
      }
    cpu: [arm64]
    os: [linux]

  lefthook-linux-x64@2.0.9:
    resolution:
      {
        integrity: sha512-Xwqew12w+9HiR0bBetTgaRuR9MdHnoe8gnluUSaH/wuGhC9ChEnxRu4ckahll4/Xl75TntlkOZOMDpnYU5YeEQ==,
      }
    cpu: [x64]
    os: [linux]

  lefthook-openbsd-arm64@2.0.9:
    resolution:
      {
        integrity: sha512-5ErPjbzu2623TKPM1lOcsjzswYeEA1u1f8qPp1uvR8QgWDJlx4xdbOQErF5OsYSWhqAegxQITmrJgdPBvjWuFg==,
      }
    cpu: [arm64]
    os: [openbsd]

  lefthook-openbsd-x64@2.0.9:
    resolution:
      {
        integrity: sha512-DhFRJZamG3I+nTPTZV0N3N5VmB4FJSbT/oG4JYDqkvxtqwb3zAL6Q/868uVEgdZl9USxu2yRKI7RnKdllDvdzQ==,
      }
    cpu: [x64]
    os: [openbsd]

  lefthook-windows-arm64@2.0.9:
    resolution:
      {
        integrity: sha512-zp3mLv67+NBPuX9YrYk3CArkREoko1txAsEPyiB/NXGH3QgLHw9HbR+IeY1TslGlXvzQTBrJaiNcmsQWLFFvAQ==,
      }
    cpu: [arm64]
    os: [win32]

  lefthook-windows-x64@2.0.9:
    resolution:
      {
        integrity: sha512-1TMNYvsW4D7MD66CRXkvcVTbNCq93wTH5IjTlSSn5CtJer9PFwBMWZfeFeEBU0c0gGAUq4NmkYN2pS8RZfISvA==,
      }
    cpu: [x64]
    os: [win32]

  lefthook@2.0.9:
    resolution:
      {
        integrity: sha512-SiHbJzS6QCp9UlYh4QZ2Bu+zSNEIFTASXz03hTNL5G6frZeXH56831DDqcPEy+729eA05po3n9ByJ0cAv4yQdw==,
      }
    hasBin: true

  oxfmt@0.17.0:
    resolution:
      {
        integrity: sha512-12Rmq2ub61rUZ3Pqnsvmo99rRQ6hQJwQsjnFnbvXYLMrlIsWT6SFVsrjAkBBrkXXSHv8ePIpKQ0nZph5KDrOqw==,
      }
    engines: { node: ^20.19.0 || >=22.12.0 }
    hasBin: true

  oxlint-tsgolint@0.8.5:
    resolution:
      {
        integrity: sha512-QpUm0kMilACiEQEgPa/APIvCMmVZOtiSne7kK6iLCcJb/5DvQD5ggyrYXkQLbUiEZj6ouV4XSnpvG/BzuPRnYw==,
      }
    hasBin: true

  oxlint@1.32.0:
    resolution:
      {
        integrity: sha512-HYDQCga7flsdyLMUIxTgSnEx5KBxpP9VINB8NgO+UjV80xBiTQXyVsvjtneMT3ZBLMbL0SlG/Dm03XQAsEshMA==,
      }
    engines: { node: ^20.19.0 || >=22.12.0 }
    hasBin: true
    peerDependencies:
      oxlint-tsgolint: '>=0.8.1'
    peerDependenciesMeta:
      oxlint-tsgolint:
        optional: true

  rou3@0.7.11:
    resolution:
      {
        integrity: sha512-ELguG3ENDw5NKNmWHO3OGEjcgdxkCNvnMR22gKHEgRXuwiriap5RIYdummOaOiqUNcC5yU5txGCHWNm7KlHuAA==,
      }

  srvx@0.9.8:
    resolution:
      {
        integrity: sha512-RZaxTKJEE/14HYn8COLuUOJAt0U55N9l1Xf6jj+T0GoA01EUH1Xz5JtSUOI+EHn+AEgPCVn7gk6jHJffrr06fQ==,
      }
    engines: { node: '>=20.16.0' }
    hasBin: true

  typescript@5.9.3:
    resolution:
      {
        integrity: sha512-jl1vZzPDinLr9eUt3J/t7V6FgNEw9QjvBPdysz9KfQDD41fQrC2Y4vKQdiaUpFT4bXlb1RHhLpp8wtm6M5TgSw==,
      }
    engines: { node: '>=14.17' }
    hasBin: true

  undici-types@7.16.0:
    resolution:
      {
        integrity: sha512-Zz+aZWSj8LE6zoxD+xrjh4VfkIG8Ya6LvYkZqtUQGJPZjYl53ypCaUwWqo7eI0x66KBGeRo+mlBEkMSeSZ38Nw==,
      }

  zod-openapi@5.4.5:
    resolution:
      {
        integrity: sha512-DVLBNsnggh8k/Yq7qp+NeQCH6JuLIyGzUQWA1wN5+7DpQJSwC7WYR/2lE6uQDmGcS/X6l4tUyYFpeG4nk3nOpA==,
      }
    engines: { node: '>=20' }
    peerDependencies:
      zod: ^3.25.74 || ^4.0.0

  zod@4.1.13:
    resolution:
      {
        integrity: sha512-AvvthqfqrAhNH9dnfmrfKzX5upOdjUVJYFqNSlkmGf64gRaTzlPwz99IHYnVs28qYAybvAlBV+H7pn0saFY4Ig==,
      }

snapshots:
  '@oxfmt/darwin-arm64@0.17.0':
    optional: true

  '@oxfmt/darwin-x64@0.17.0':
    optional: true

  '@oxfmt/linux-arm64-gnu@0.17.0':
    optional: true

  '@oxfmt/linux-arm64-musl@0.17.0':
    optional: true

  '@oxfmt/linux-x64-gnu@0.17.0':
    optional: true

  '@oxfmt/linux-x64-musl@0.17.0':
    optional: true

  '@oxfmt/win32-arm64@0.17.0':
    optional: true

  '@oxfmt/win32-x64@0.17.0':
    optional: true

  '@oxlint-tsgolint/darwin-arm64@0.8.5':
    optional: true

  '@oxlint-tsgolint/darwin-x64@0.8.5':
    optional: true

  '@oxlint-tsgolint/linux-arm64@0.8.5':
    optional: true

  '@oxlint-tsgolint/linux-x64@0.8.5':
    optional: true

  '@oxlint-tsgolint/win32-arm64@0.8.5':
    optional: true

  '@oxlint-tsgolint/win32-x64@0.8.5':
    optional: true

  '@oxlint/darwin-arm64@1.32.0':
    optional: true

  '@oxlint/darwin-x64@1.32.0':
    optional: true

  '@oxlint/linux-arm64-gnu@1.32.0':
    optional: true

  '@oxlint/linux-arm64-musl@1.32.0':
    optional: true

  '@oxlint/linux-x64-gnu@1.32.0':
    optional: true

  '@oxlint/linux-x64-musl@1.32.0':
    optional: true

  '@oxlint/win32-arm64@1.32.0':
    optional: true

  '@oxlint/win32-x64@1.32.0':
    optional: true

  '@types/bun@1.3.4':
    dependencies:
      bun-types: 1.3.4

  '@types/node@25.0.0':
    dependencies:
      undici-types: 7.16.0

  bun-types@1.3.4:
    dependencies:
      '@types/node': 25.0.0

  bun@runtime:1.3.4: {}

  h3@2.0.1-rc.6:
    dependencies:
      rou3: 0.7.11
      srvx: 0.9.8

  lefthook-darwin-arm64@2.0.9:
    optional: true

  lefthook-darwin-x64@2.0.9:
    optional: true

  lefthook-freebsd-arm64@2.0.9:
    optional: true

  lefthook-freebsd-x64@2.0.9:
    optional: true

  lefthook-linux-arm64@2.0.9:
    optional: true

  lefthook-linux-x64@2.0.9:
    optional: true

  lefthook-openbsd-arm64@2.0.9:
    optional: true

  lefthook-openbsd-x64@2.0.9:
    optional: true

  lefthook-windows-arm64@2.0.9:
    optional: true

  lefthook-windows-x64@2.0.9:
    optional: true

  lefthook@2.0.9:
    optionalDependencies:
      lefthook-darwin-arm64: 2.0.9
      lefthook-darwin-x64: 2.0.9
      lefthook-freebsd-arm64: 2.0.9
      lefthook-freebsd-x64: 2.0.9
      lefthook-linux-arm64: 2.0.9
      lefthook-linux-x64: 2.0.9
      lefthook-openbsd-arm64: 2.0.9
      lefthook-openbsd-x64: 2.0.9
      lefthook-windows-arm64: 2.0.9
      lefthook-windows-x64: 2.0.9

  oxfmt@0.17.0:
    optionalDependencies:
      '@oxfmt/darwin-arm64': 0.17.0
      '@oxfmt/darwin-x64': 0.17.0
      '@oxfmt/linux-arm64-gnu': 0.17.0
      '@oxfmt/linux-arm64-musl': 0.17.0
      '@oxfmt/linux-x64-gnu': 0.17.0
      '@oxfmt/linux-x64-musl': 0.17.0
      '@oxfmt/win32-arm64': 0.17.0
      '@oxfmt/win32-x64': 0.17.0

  oxlint-tsgolint@0.8.5:
    optionalDependencies:
      '@oxlint-tsgolint/darwin-arm64': 0.8.5
      '@oxlint-tsgolint/darwin-x64': 0.8.5
      '@oxlint-tsgolint/linux-arm64': 0.8.5
      '@oxlint-tsgolint/linux-x64': 0.8.5
      '@oxlint-tsgolint/win32-arm64': 0.8.5
      '@oxlint-tsgolint/win32-x64': 0.8.5

  oxlint@1.32.0(oxlint-tsgolint@0.8.5):
    optionalDependencies:
      '@oxlint/darwin-arm64': 1.32.0
      '@oxlint/darwin-x64': 1.32.0
      '@oxlint/linux-arm64-gnu': 1.32.0
      '@oxlint/linux-arm64-musl': 1.32.0
      '@oxlint/linux-x64-gnu': 1.32.0
      '@oxlint/linux-x64-musl': 1.32.0
      '@oxlint/win32-arm64': 1.32.0
      '@oxlint/win32-x64': 1.32.0
      oxlint-tsgolint: 0.8.5

  rou3@0.7.11: {}

  srvx@0.9.8: {}

  typescript@5.9.3: {}

  undici-types@7.16.0: {}

  zod-openapi@5.4.5(zod@4.1.13):
    dependencies:
      zod: 4.1.13

  zod@4.1.13: {}
